
Microsoft Visual Studio Solution File, Format Version 12.00
# Visual Studio Version 17
VisualStudioVersion = 17.9.34728.123
MinimumVisualStudioVersion = 10.0.40219.1
Project("{9A19103F-16F7-4668-BE54-9A1E7A4F7556}") = "Q4_Classes", "Q4_Classes.csproj", "{87AE2CD2-4A47-42CF-8484-F9355D7BD63F}"
EndProject
Global
	GlobalSection(SolutionConfigurationPlatforms) = preSolution
		Debug|Any CPU = Debug|Any CPU
		Release|Any CPU = Release|Any CPU
	EndGlobalSection
	GlobalSection(ProjectConfigurationPlatforms) = postSolution
		{87AE2CD2-4A47-42CF-8484-F9355D7BD63F}.Debug|Any CPU.ActiveCfg = Debug|Any CPU
		{87AE2CD2-4A47-42CF-8484-F9355D7BD63F}.Debug|Any CPU.Build.0 = Debug|Any CPU
		{87AE2CD2-4A47-42CF-8484-F9355D7BD63F}.Release|Any CPU.ActiveCfg = Release|Any CPU
		{87AE2CD2-4A47-42CF-8484-F9355D7BD63F}.Release|Any CPU.Build.0 = Release|Any CPU
	EndGlobalSection
	GlobalSection(SolutionProperties) = preSolution
		HideSolutionNode = FALSE
	EndGlobalSection
	GlobalSection(ExtensibilityGlobals) = postSolution
		SolutionGuid = {8BDC4293-134D-4109-B744-0E1FB49C34A4}
	EndGlobalSection
EndGlobal
