
Microsoft Visual Studio Solution File, Format Version 12.00
# Visual Studio Version 17
VisualStudioVersion = 17.9.34728.123
MinimumVisualStudioVersion = 10.0.40219.1
Project("{9A19103F-16F7-4668-BE54-9A1E7A4F7556}") = "Q3_scope", "Q3_scope.csproj", "{BB614D5D-C174-4AE1-ACC8-2B1EFFB08FF0}"
EndProject
Global
	GlobalSection(SolutionConfigurationPlatforms) = preSolution
		Debug|Any CPU = Debug|Any CPU
		Release|Any CPU = Release|Any CPU
	EndGlobalSection
	GlobalSection(ProjectConfigurationPlatforms) = postSolution
		{BB614D5D-C174-4AE1-ACC8-2B1EFFB08FF0}.Debug|Any CPU.ActiveCfg = Debug|Any CPU
		{BB614D5D-C174-4AE1-ACC8-2B1EFFB08FF0}.Debug|Any CPU.Build.0 = Debug|Any CPU
		{BB614D5D-C174-4AE1-ACC8-2B1EFFB08FF0}.Release|Any CPU.ActiveCfg = Release|Any CPU
		{BB614D5D-C174-4AE1-ACC8-2B1EFFB08FF0}.Release|Any CPU.Build.0 = Release|Any CPU
	EndGlobalSection
	GlobalSection(SolutionProperties) = preSolution
		HideSolutionNode = FALSE
	EndGlobalSection
	GlobalSection(ExtensibilityGlobals) = postSolution
		SolutionGuid = {FB9DA14D-F695-4A63-A63C-1EE96A2479D5}
	EndGlobalSection
EndGlobal
